
Microsoft Visual Studio Solution File, Format Version 12.00
# Visual Studio Version 16
VisualStudioVersion = 16.0.30523.141
MinimumVisualStudioVersion = 10.0.40219.1
Project("{FAE04EC0-301F-11D3-BF4B-00C04F79EFBC}") = "ComputerRepairShop.Web", "ComputerRepairShop\ComputerRepairShop.Web.csproj", "{67ED0398-F63A-4189-AE91-26B5D660362B}"
EndProject
Project("{FAE04EC0-301F-11D3-BF4B-00C04F79EFBC}") = "ComputerRepairShop.Data", "ComputerRepairShop.Data\ComputerRepairShop.Data.csproj", "{CC018C1B-5471-4C8F-A97D-910F75821EF1}"
EndProject
Global
	GlobalSection(SolutionConfigurationPlatforms) = preSolution
		Debug|Any CPU = Debug|Any CPU
		Release|Any CPU = Release|Any CPU
	EndGlobalSection
	GlobalSection(ProjectConfigurationPlatforms) = postSolution
		{67ED0398-F63A-4189-AE91-26B5D660362B}.Debug|Any CPU.ActiveCfg = Debug|Any CPU
		{67ED0398-F63A-4189-AE91-26B5D660362B}.Debug|Any CPU.Build.0 = Debug|Any CPU
		{67ED0398-F63A-4189-AE91-26B5D660362B}.Release|Any CPU.ActiveCfg = Release|Any CPU
		{67ED0398-F63A-4189-AE91-26B5D660362B}.Release|Any CPU.Build.0 = Release|Any CPU
		{CC018C1B-5471-4C8F-A97D-910F75821EF1}.Debug|Any CPU.ActiveCfg = Debug|Any CPU
		{CC018C1B-5471-4C8F-A97D-910F75821EF1}.Debug|Any CPU.Build.0 = Debug|Any CPU
		{CC018C1B-5471-4C8F-A97D-910F75821EF1}.Release|Any CPU.ActiveCfg = Release|Any CPU
		{CC018C1B-5471-4C8F-A97D-910F75821EF1}.Release|Any CPU.Build.0 = Release|Any CPU
	EndGlobalSection
	GlobalSection(SolutionProperties) = preSolution
		HideSolutionNode = FALSE
	EndGlobalSection
	GlobalSection(ExtensibilityGlobals) = postSolution
		SolutionGuid = {7A8082A1-888A-4ED0-8E37-41C45FD315A0}
	EndGlobalSection
EndGlobal
